github.com/PaulWaldo/go-flickr v0.2.0 h1:t5fTUsb7TUGkQyGup7KeHZjNpBl+lCLW7mURYo7vtKs=
github.com/PaulWaldo/go-flickr v0.2.0/go.mod h1:/ipUMY/nAA97jxPu7IDKZRZvsn4sWV6h6nHxnT0eACg=
github.com/joho/godotenv v1.3.0 h1:Zjp+RcGpHhGlrMbJzXTrZZPrWj+1vfm90La1wgB6Bhc=
github.com/joho/godotenv v1.3.0/go.mod h1:7hK45KPybAkOC6peb+G5yklZfMxEjkZhHbwpqxOKXbg=
