github.com/PaulWaldo/go-flickr v1.0.0 h1:VtuuHlKAvp9f+P8oPnVoLIL/Bsy/arpv+0UmHxl0bgk=
github.com/PaulWaldo/go-flickr v1.0.0/go.mod h1:/ipUMY/nAA97jxPu7IDKZRZvsn4sWV6h6nHxnT0eACg=
github.com/joho/godotenv v1.3.0 h1:Zjp+RcGpHhGlrMbJzXTrZZPrWj+1vfm90La1wgB6Bhc=
github.com/joho/godotenv v1.3.0/go.mod h1:7hK45KPybAkOC6peb+G5yklZfMxEjkZhHbwpqxOKXbg=
